
Microsoft Visual Studio Solution File, Format Version 12.00
# Visual Studio 15
VisualStudioVersion = 15.0.27004.2002
MinimumVisualStudioVersion = 10.0.40219.1
Project("{FAE04EC0-301F-11D3-BF4B-00C04F79EFBC}") = "WebBrowserHostTest", "WebBrowserHostTest\WebBrowserHostTest.csproj", "{3746F4EA-3C7C-492F-851E-462D68B7A496}"
EndProject
Project("{FAE04EC0-301F-11D3-BF4B-00C04F79EFBC}") = "CommonTools", "CommonTools\CommonTools.csproj", "{15C3C4D1-4FB9-4DC9-AE9D-A21231C9DFB7}"
EndProject
Project("{2150E333-8FDC-42A3-9474-1A3956D46DE8}") = "BLL", "BLL", "{F31FC337-E3B5-4374-840B-74345BAF19CD}"
EndProject
Project("{FAE04EC0-301F-11D3-BF4B-00C04F79EFBC}") = "BusinessLogic", "BusinessLogic\BusinessLogic.csproj", "{797D9475-A26F-42BF-B8A6-99BA4804C562}"
EndProject
Project("{2150E333-8FDC-42A3-9474-1A3956D46DE8}") = "Application", "Application", "{E2BF5EBE-FF57-4E50-BF80-7675243434DD}"
EndProject
Project("{FAE04EC0-301F-11D3-BF4B-00C04F79EFBC}") = "BulletinExample", "BulletinExample\BulletinExample.csproj", "{D5CAAB76-A283-4DC3-A5ED-1B84873C2B34}"
EndProject
Project("{2150E333-8FDC-42A3-9474-1A3956D46DE8}") = "Bulletin", "Bulletin", "{93946D77-BFCE-4375-B543-D5320ED986BA}"
EndProject
Project("{FAE04EC0-301F-11D3-BF4B-00C04F79EFBC}") = "XlsIntegration", "XlsIntegration\XlsIntegration.csproj", "{0BFAD6DB-04B0-4DAD-80A1-895CF59480E4}"
EndProject
Project("{FAE04EC0-301F-11D3-BF4B-00C04F79EFBC}") = "BulletinWebWorker", "BulletinWebWorker\BulletinWebWorker.csproj", "{DFE8D8D1-1FD1-49F3-9886-4E9053C5A7D8}"
EndProject
Project("{FAE04EC0-301F-11D3-BF4B-00C04F79EFBC}") = "BulletinHub", "BulletinEngine\BulletinHub.csproj", "{061283DB-C550-4FB7-85AF-90FA11133C95}"
EndProject
Project("{FAE04EC0-301F-11D3-BF4B-00C04F79EFBC}") = "BulletinBridge", "BulletinBridge\BulletinBridge.csproj", "{E797CA88-A5DF-4EC7-9A22-6ABE3E393F9A}"
EndProject
Project("{FAE04EC0-301F-11D3-BF4B-00C04F79EFBC}") = "BulletinTools", "BulletinTools\BulletinTools.csproj", "{CB84E637-97C1-425B-B543-50F9FA2F1E11}"
EndProject
Project("{2150E333-8FDC-42A3-9474-1A3956D46DE8}") = "Hub", "Hub", "{E7EB5EC2-8C9F-4C53-82BE-455EB9AB355E}"
EndProject
Project("{2150E333-8FDC-42A3-9474-1A3956D46DE8}") = "WebWorker", "WebWorker", "{1961A9FF-CB4F-4F27-A285-FD5181B5A8F4}"
EndProject
Project("{2150E333-8FDC-42A3-9474-1A3956D46DE8}") = "Client", "Client", "{6F1D883A-3814-4561-A1DA-4A0127891CD9}"
EndProject
Project("{FAE04EC0-301F-11D3-BF4B-00C04F79EFBC}") = "BulletinClient", "BulletinClient\BulletinClient.csproj", "{375F6916-0078-461D-831C-CE8DC7197A28}"
EndProject
Project("{FAE04EC0-301F-11D3-BF4B-00C04F79EFBC}") = "HubService", "HubService\HubService.csproj", "{AB1BE70A-8827-4DC4-8877-BEE152C3CEE1}"
EndProject
Global
	GlobalSection(SolutionConfigurationPlatforms) = preSolution
		Debug|Any CPU = Debug|Any CPU
		Release|Any CPU = Release|Any CPU
	EndGlobalSection
	GlobalSection(ProjectConfigurationPlatforms) = postSolution
		{3746F4EA-3C7C-492F-851E-462D68B7A496}.Debug|Any CPU.ActiveCfg = Debug|Any CPU
		{3746F4EA-3C7C-492F-851E-462D68B7A496}.Release|Any CPU.ActiveCfg = Release|Any CPU
		{3746F4EA-3C7C-492F-851E-462D68B7A496}.Release|Any CPU.Build.0 = Release|Any CPU
		{15C3C4D1-4FB9-4DC9-AE9D-A21231C9DFB7}.Debug|Any CPU.ActiveCfg = Debug|Any CPU
		{15C3C4D1-4FB9-4DC9-AE9D-A21231C9DFB7}.Release|Any CPU.ActiveCfg = Release|Any CPU
		{15C3C4D1-4FB9-4DC9-AE9D-A21231C9DFB7}.Release|Any CPU.Build.0 = Release|Any CPU
		{797D9475-A26F-42BF-B8A6-99BA4804C562}.Debug|Any CPU.ActiveCfg = Debug|Any CPU
		{797D9475-A26F-42BF-B8A6-99BA4804C562}.Release|Any CPU.ActiveCfg = Release|Any CPU
		{797D9475-A26F-42BF-B8A6-99BA4804C562}.Release|Any CPU.Build.0 = Release|Any CPU
		{D5CAAB76-A283-4DC3-A5ED-1B84873C2B34}.Debug|Any CPU.ActiveCfg = Debug|Any CPU
		{D5CAAB76-A283-4DC3-A5ED-1B84873C2B34}.Release|Any CPU.ActiveCfg = Release|Any CPU
		{D5CAAB76-A283-4DC3-A5ED-1B84873C2B34}.Release|Any CPU.Build.0 = Release|Any CPU
		{0BFAD6DB-04B0-4DAD-80A1-895CF59480E4}.Debug|Any CPU.ActiveCfg = Debug|Any CPU
		{0BFAD6DB-04B0-4DAD-80A1-895CF59480E4}.Debug|Any CPU.Build.0 = Debug|Any CPU
		{0BFAD6DB-04B0-4DAD-80A1-895CF59480E4}.Release|Any CPU.ActiveCfg = Release|Any CPU
		{0BFAD6DB-04B0-4DAD-80A1-895CF59480E4}.Release|Any CPU.Build.0 = Release|Any CPU
		{DFE8D8D1-1FD1-49F3-9886-4E9053C5A7D8}.Debug|Any CPU.ActiveCfg = Debug|Any CPU
		{DFE8D8D1-1FD1-49F3-9886-4E9053C5A7D8}.Debug|Any CPU.Build.0 = Debug|Any CPU
		{DFE8D8D1-1FD1-49F3-9886-4E9053C5A7D8}.Release|Any CPU.ActiveCfg = Release|Any CPU
		{DFE8D8D1-1FD1-49F3-9886-4E9053C5A7D8}.Release|Any CPU.Build.0 = Release|Any CPU
		{061283DB-C550-4FB7-85AF-90FA11133C95}.Debug|Any CPU.ActiveCfg = Debug|Any CPU
		{061283DB-C550-4FB7-85AF-90FA11133C95}.Debug|Any CPU.Build.0 = Debug|Any CPU
		{061283DB-C550-4FB7-85AF-90FA11133C95}.Release|Any CPU.ActiveCfg = Release|Any CPU
		{061283DB-C550-4FB7-85AF-90FA11133C95}.Release|Any CPU.Build.0 = Release|Any CPU
		{E797CA88-A5DF-4EC7-9A22-6ABE3E393F9A}.Debug|Any CPU.ActiveCfg = Debug|Any CPU
		{E797CA88-A5DF-4EC7-9A22-6ABE3E393F9A}.Debug|Any CPU.Build.0 = Debug|Any CPU
		{E797CA88-A5DF-4EC7-9A22-6ABE3E393F9A}.Release|Any CPU.ActiveCfg = Release|Any CPU
		{E797CA88-A5DF-4EC7-9A22-6ABE3E393F9A}.Release|Any CPU.Build.0 = Release|Any CPU
		{CB84E637-97C1-425B-B543-50F9FA2F1E11}.Debug|Any CPU.ActiveCfg = Debug|Any CPU
		{CB84E637-97C1-425B-B543-50F9FA2F1E11}.Debug|Any CPU.Build.0 = Debug|Any CPU
		{CB84E637-97C1-425B-B543-50F9FA2F1E11}.Release|Any CPU.ActiveCfg = Release|Any CPU
		{CB84E637-97C1-425B-B543-50F9FA2F1E11}.Release|Any CPU.Build.0 = Release|Any CPU
		{375F6916-0078-461D-831C-CE8DC7197A28}.Debug|Any CPU.ActiveCfg = Debug|Any CPU
		{375F6916-0078-461D-831C-CE8DC7197A28}.Debug|Any CPU.Build.0 = Debug|Any CPU
		{375F6916-0078-461D-831C-CE8DC7197A28}.Release|Any CPU.ActiveCfg = Release|Any CPU
		{375F6916-0078-461D-831C-CE8DC7197A28}.Release|Any CPU.Build.0 = Release|Any CPU
		{AB1BE70A-8827-4DC4-8877-BEE152C3CEE1}.Debug|Any CPU.ActiveCfg = Debug|Any CPU
		{AB1BE70A-8827-4DC4-8877-BEE152C3CEE1}.Debug|Any CPU.Build.0 = Debug|Any CPU
		{AB1BE70A-8827-4DC4-8877-BEE152C3CEE1}.Release|Any CPU.ActiveCfg = Release|Any CPU
		{AB1BE70A-8827-4DC4-8877-BEE152C3CEE1}.Release|Any CPU.Build.0 = Release|Any CPU
	EndGlobalSection
	GlobalSection(SolutionProperties) = preSolution
		HideSolutionNode = FALSE
	EndGlobalSection
	GlobalSection(NestedProjects) = preSolution
		{3746F4EA-3C7C-492F-851E-462D68B7A496} = {E2BF5EBE-FF57-4E50-BF80-7675243434DD}
		{797D9475-A26F-42BF-B8A6-99BA4804C562} = {F31FC337-E3B5-4374-840B-74345BAF19CD}
		{D5CAAB76-A283-4DC3-A5ED-1B84873C2B34} = {E2BF5EBE-FF57-4E50-BF80-7675243434DD}
		{93946D77-BFCE-4375-B543-D5320ED986BA} = {E2BF5EBE-FF57-4E50-BF80-7675243434DD}
		{0BFAD6DB-04B0-4DAD-80A1-895CF59480E4} = {93946D77-BFCE-4375-B543-D5320ED986BA}
		{DFE8D8D1-1FD1-49F3-9886-4E9053C5A7D8} = {1961A9FF-CB4F-4F27-A285-FD5181B5A8F4}
		{061283DB-C550-4FB7-85AF-90FA11133C95} = {E7EB5EC2-8C9F-4C53-82BE-455EB9AB355E}
		{E797CA88-A5DF-4EC7-9A22-6ABE3E393F9A} = {93946D77-BFCE-4375-B543-D5320ED986BA}
		{CB84E637-97C1-425B-B543-50F9FA2F1E11} = {93946D77-BFCE-4375-B543-D5320ED986BA}
		{E7EB5EC2-8C9F-4C53-82BE-455EB9AB355E} = {93946D77-BFCE-4375-B543-D5320ED986BA}
		{1961A9FF-CB4F-4F27-A285-FD5181B5A8F4} = {93946D77-BFCE-4375-B543-D5320ED986BA}
		{6F1D883A-3814-4561-A1DA-4A0127891CD9} = {93946D77-BFCE-4375-B543-D5320ED986BA}
		{375F6916-0078-461D-831C-CE8DC7197A28} = {6F1D883A-3814-4561-A1DA-4A0127891CD9}
		{AB1BE70A-8827-4DC4-8877-BEE152C3CEE1} = {E7EB5EC2-8C9F-4C53-82BE-455EB9AB355E}
	EndGlobalSection
	GlobalSection(ExtensibilityGlobals) = postSolution
		SolutionGuid = {7A69438C-04C5-46BA-AD05-8B572AA8DF24}
	EndGlobalSection
EndGlobal
